// !$*UTF8*$!
{
	archiveVersion = 1;
	classes = {
	};
	objectVersion = 55;
	objects = {

/* Begin PBXBuildFile section */
		25814CB9008021D993DAF83D /* Pods_FitnessApp.framework in Frameworks */ = {isa = PBXBuildFile; fileRef = 24ED9950F0904823A1BF6998 /* Pods_FitnessApp.framework */; };
		501293F128F2EEEF00A24EA0 /* StatisticsViewController.swift in Sources */ = {isa = PBXBuildFile; fileRef = 501293F028F2EEEF00A24EA0 /* StatisticsViewController.swift */; };
		501293F328F2F80E00A24EA0 /* StatisticsTableView.swift in Sources */ = {isa = PBXBuildFile; fileRef = 501293F228F2F80E00A24EA0 /* StatisticsTableView.swift */; };
		501293F528F33DF800A24EA0 /* StatisticsTableViewCell.swift in Sources */ = {isa = PBXBuildFile; fileRef = 501293F428F33DF700A24EA0 /* StatisticsTableViewCell.swift */; };
		501293F728F5E3C000A24EA0 /* MainTabBarController.swift in Sources */ = {isa = PBXBuildFile; fileRef = 501293F628F5E3C000A24EA0 /* MainTabBarController.swift */; };
		501293F928F5F05300A24EA0 /* NewWorkoutViewController.swift in Sources */ = {isa = PBXBuildFile; fileRef = 501293F828F5F05300A24EA0 /* NewWorkoutViewController.swift */; };
		5012940728F5F7A800A24EA0 /* UILabel + Extensions.swift in Sources */ = {isa = PBXBuildFile; fileRef = 5012940628F5F7A800A24EA0 /* UILabel + Extensions.swift */; };
		5017038228FBF06400E7427B /* CalendarCollectionView.swift in Sources */ = {isa = PBXBuildFile; fileRef = 5017038128FBF06400E7427B /* CalendarCollectionView.swift */; };
		5017038828FDD7C100E7427B /* Int + Extensions.swift in Sources */ = {isa = PBXBuildFile; fileRef = 5017038728FDD7C100E7427B /* Int + Extensions.swift */; };
		5017038B28FF1D5E00E7427B /* WorkoutModel.swift in Sources */ = {isa = PBXBuildFile; fileRef = 5017038A28FF1D5E00E7427B /* WorkoutModel.swift */; };
		5017038E28FF23AB00E7427B /* SliderType.swift in Sources */ = {isa = PBXBuildFile; fileRef = 5017038D28FF23AB00E7427B /* SliderType.swift */; };
		5017039028FF296E00E7427B /* Date.swift in Sources */ = {isa = PBXBuildFile; fileRef = 5017038F28FF296E00E7427B /* Date.swift */; };
		5092825928FF2C65005E2C72 /* RealmManager.swift in Sources */ = {isa = PBXBuildFile; fileRef = 5092825828FF2C65005E2C72 /* RealmManager.swift */; };
		5092825C2900600D005E2C72 /* RepsWorkoutViewController.swift in Sources */ = {isa = PBXBuildFile; fileRef = 5092825B2900600D005E2C72 /* RepsWorkoutViewController.swift */; };
		509282642903E552005E2C72 /* UIViewController + Extension.swift in Sources */ = {isa = PBXBuildFile; fileRef = 509282632903E552005E2C72 /* UIViewController + Extension.swift */; };
		5092826C29058FC7005E2C72 /* TimerWorkoutViewController.swift in Sources */ = {isa = PBXBuildFile; fileRef = 5092826B29058FC7005E2C72 /* TimerWorkoutViewController.swift */; };
		50928271290B0169005E2C72 /* DifferenceWorkout.swift in Sources */ = {isa = PBXBuildFile; fileRef = 50928270290B0169005E2C72 /* DifferenceWorkout.swift */; };
		509D492F28EC96B10052A8F2 /* AppDelegate.swift in Sources */ = {isa = PBXBuildFile; fileRef = 509D492E28EC96B10052A8F2 /* AppDelegate.swift */; };
		509D493128EC96B10052A8F2 /* SceneDelegate.swift in Sources */ = {isa = PBXBuildFile; fileRef = 509D493028EC96B10052A8F2 /* SceneDelegate.swift */; };
		509D493328EC96B10052A8F2 /* MainViewController.swift in Sources */ = {isa = PBXBuildFile; fileRef = 509D493228EC96B10052A8F2 /* MainViewController.swift */; };
		509D493828EC96B20052A8F2 /* Assets.xcassets in Resources */ = {isa = PBXBuildFile; fileRef = 509D493728EC96B20052A8F2 /* Assets.xcassets */; };
		509D493B28EC96B20052A8F2 /* LaunchScreen.storyboard in Resources */ = {isa = PBXBuildFile; fileRef = 509D493928EC96B20052A8F2 /* LaunchScreen.storyboard */; };
		509D494828ECAA800052A8F2 /* CalendarView.swift in Sources */ = {isa = PBXBuildFile; fileRef = 509D494728ECAA800052A8F2 /* CalendarView.swift */; };
		50A157CA290D235E00372244 /* RepsWorkoutParametersView.swift in Sources */ = {isa = PBXBuildFile; fileRef = 50A157C9290D235E00372244 /* RepsWorkoutParametersView.swift */; };
		50A157CD290D519200372244 /* CustomAlert.swift in Sources */ = {isa = PBXBuildFile; fileRef = 50A157CC290D519200372244 /* CustomAlert.swift */; };
		50A4D0F928F73CEE00234A33 /* DateAndRepeatView.swift in Sources */ = {isa = PBXBuildFile; fileRef = 50A4D0F828F73CEE00234A33 /* DateAndRepeatView.swift */; };
		50A4D0FB28F73D0700234A33 /* RepsOrTimerView.swift in Sources */ = {isa = PBXBuildFile; fileRef = 50A4D0FA28F73D0700234A33 /* RepsOrTimerView.swift */; };
		50A4D0FD28F871AE00234A33 /* NameView.swift in Sources */ = {isa = PBXBuildFile; fileRef = 50A4D0FC28F871AE00234A33 /* NameView.swift */; };
		50A4D10328F9357A00234A33 /* GreenSlider.swift in Sources */ = {isa = PBXBuildFile; fileRef = 50A4D0FF28F9357A00234A33 /* GreenSlider.swift */; };
		50A4D10428F9357A00234A33 /* BrownTextField.swift in Sources */ = {isa = PBXBuildFile; fileRef = 50A4D10028F9357A00234A33 /* BrownTextField.swift */; };
		50A4D10528F9357A00234A33 /* CloseButton.swift in Sources */ = {isa = PBXBuildFile; fileRef = 50A4D10128F9357A00234A33 /* CloseButton.swift */; };
		50A4D10628F9357A00234A33 /* GreenButton.swift in Sources */ = {isa = PBXBuildFile; fileRef = 50A4D10228F9357A00234A33 /* GreenButton.swift */; };
		50A4D10928F9532100234A33 /* SliderView.swift in Sources */ = {isa = PBXBuildFile; fileRef = 50A4D10828F9532100234A33 /* SliderView.swift */; };
		50CA64232916A4550083A398 /* ProfileViewController.swift in Sources */ = {isa = PBXBuildFile; fileRef = 50CA64222916A4550083A398 /* ProfileViewController.swift */; };
		50CA64252916A9740083A398 /* ProfileView.swift in Sources */ = {isa = PBXBuildFile; fileRef = 50CA64242916A9740083A398 /* ProfileView.swift */; };
		50CCA9EE2917B2EB00CA29F2 /* WorkoutsCollectionView.swift in Sources */ = {isa = PBXBuildFile; fileRef = 50CCA9ED2917B2EB00CA29F2 /* WorkoutsCollectionView.swift */; };
		50CCA9F12918F22B00CA29F2 /* WorkoutCollectionViewCell.swift in Sources */ = {isa = PBXBuildFile; fileRef = 50CCA9F02918F22B00CA29F2 /* WorkoutCollectionViewCell.swift */; };
		50CCA9F52919556100CA29F2 /* SettingsViewController.swift in Sources */ = {isa = PBXBuildFile; fileRef = 50CCA9F42919556100CA29F2 /* SettingsViewController.swift */; };
		50CCA9F8291D750200CA29F2 /* UIResponder + Extension.swift in Sources */ = {isa = PBXBuildFile; fileRef = 50CCA9F7291D750200CA29F2 /* UIResponder + Extension.swift */; };
		50CCA9FA291D774500CA29F2 /* UserModel.swift in Sources */ = {isa = PBXBuildFile; fileRef = 50CCA9F9291D774500CA29F2 /* UserModel.swift */; };
		50CCA9FD291FCA3B00CA29F2 /* ResultWorkout.swift in Sources */ = {isa = PBXBuildFile; fileRef = 50CCA9FC291FCA3B00CA29F2 /* ResultWorkout.swift */; };
		50E0F95B29119442007606CF /* TimerWorkoutParametersView.swift in Sources */ = {isa = PBXBuildFile; fileRef = 50E0F95A29119442007606CF /* TimerWorkoutParametersView.swift */; };
		50EC503F28ECBB3400559577 /* WeatherView.swift in Sources */ = {isa = PBXBuildFile; fileRef = 50EC503E28ECBB3400559577 /* WeatherView.swift */; };
		50EC506E28F1B8A900559577 /* Roboto-Bold.ttf in Resources */ = {isa = PBXBuildFile; fileRef = 50EC506C28F1B8A900559577 /* Roboto-Bold.ttf */; };
		50EC506F28F1B8A900559577 /* Roboto-Medium.ttf in Resources */ = {isa = PBXBuildFile; fileRef = 50EC506D28F1B8A900559577 /* Roboto-Medium.ttf */; };
		50EC507228F1BA0B00559577 /* UIView + Extensions.swift in Sources */ = {isa = PBXBuildFile; fileRef = 50EC507128F1BA0B00559577 /* UIView + Extensions.swift */; };
		50EC507428F1D57D00559577 /* UIFont + Extensions.swift in Sources */ = {isa = PBXBuildFile; fileRef = 50EC507328F1D57D00559577 /* UIFont + Extensions.swift */; };
		50EC507628F1D5A800559577 /* UIColor + Extensions.swift in Sources */ = {isa = PBXBuildFile; fileRef = 50EC507528F1D5A800559577 /* UIColor + Extensions.swift */; };
		50EC507928F1FF2700559577 /* CalendarCollectionViewCell.swift in Sources */ = {isa = PBXBuildFile; fileRef = 50EC507828F1FF2700559577 /* CalendarCollectionViewCell.swift */; };
		50EC507B28F2B44400559577 /* MainTableView.swift in Sources */ = {isa = PBXBuildFile; fileRef = 50EC507A28F2B44400559577 /* MainTableView.swift */; };
		50EC507D28F2BD2900559577 /* WorkoutTableViewCell.swift in Sources */ = {isa = PBXBuildFile; fileRef = 50EC507C28F2BD2900559577 /* WorkoutTableViewCell.swift */; };
		50EC507F28F2C06000559577 /* UIStackView + Extensions.swift in Sources */ = {isa = PBXBuildFile; fileRef = 50EC507E28F2C06000559577 /* UIStackView + Extensions.swift */; };
/* End PBXBuildFile section */

/* Begin PBXFileReference section */
		24ED9950F0904823A1BF6998 /* Pods_FitnessApp.framework */ = {isa = PBXFileReference; explicitFileType = wrapper.framework; includeInIndex = 0; path = Pods_FitnessApp.framework; sourceTree = BUILT_PRODUCTS_DIR; };
		501293F028F2EEEF00A24EA0 /* StatisticsViewController.swift */ = {isa = PBXFileReference; lastKnownFileType = sourcecode.swift; path = StatisticsViewController.swift; sourceTree = "<group>"; };
		501293F228F2F80E00A24EA0 /* StatisticsTableView.swift */ = {isa = PBXFileReference; lastKnownFileType = sourcecode.swift; path = StatisticsTableView.swift; sourceTree = "<group>"; };
		501293F428F33DF700A24EA0 /* StatisticsTableViewCell.swift */ = {isa = PBXFileReference; lastKnownFileType = sourcecode.swift; path = StatisticsTableViewCell.swift; sourceTree = "<group>"; };
		501293F628F5E3C000A24EA0 /* MainTabBarController.swift */ = {isa = PBXFileReference; lastKnownFileType = sourcecode.swift; path = MainTabBarController.swift; sourceTree = "<group>"; };
		501293F828F5F05300A24EA0 /* NewWorkoutViewController.swift */ = {isa = PBXFileReference; lastKnownFileType = sourcecode.swift; path = NewWorkoutViewController.swift; sourceTree = "<group>"; };
		5012940628F5F7A800A24EA0 /* UILabel + Extensions.swift */ = {isa = PBXFileReference; lastKnownFileType = sourcecode.swift; name = "UILabel + Extensions.swift"; path = "FitnessApp/Extensions/UILabel + Extensions.swift"; sourceTree = SOURCE_ROOT; };
		5017038128FBF06400E7427B /* CalendarCollectionView.swift */ = {isa = PBXFileReference; lastKnownFileType = sourcecode.swift; path = CalendarCollectionView.swift; sourceTree = "<group>"; };
		5017038728FDD7C100E7427B /* Int + Extensions.swift */ = {isa = PBXFileReference; lastKnownFileType = sourcecode.swift; path = "Int + Extensions.swift"; sourceTree = "<group>"; };
		5017038A28FF1D5E00E7427B /* WorkoutModel.swift */ = {isa = PBXFileReference; lastKnownFileType = sourcecode.swift; path = WorkoutModel.swift; sourceTree = "<group>"; };
		5017038D28FF23AB00E7427B /* SliderType.swift */ = {isa = PBXFileReference; lastKnownFileType = sourcecode.swift; path = SliderType.swift; sourceTree = "<group>"; };
		5017038F28FF296E00E7427B /* Date.swift */ = {isa = PBXFileReference; lastKnownFileType = sourcecode.swift; path = Date.swift; sourceTree = "<group>"; };
		5092825828FF2C65005E2C72 /* RealmManager.swift */ = {isa = PBXFileReference; lastKnownFileType = sourcecode.swift; path = RealmManager.swift; sourceTree = "<group>"; };
		5092825B2900600D005E2C72 /* RepsWorkoutViewController.swift */ = {isa = PBXFileReference; lastKnownFileType = sourcecode.swift; path = RepsWorkoutViewController.swift; sourceTree = "<group>"; };
		509282632903E552005E2C72 /* UIViewController + Extension.swift */ = {isa = PBXFileReference; lastKnownFileType = sourcecode.swift; path = "UIViewController + Extension.swift"; sourceTree = "<group>"; };
		5092826B29058FC7005E2C72 /* TimerWorkoutViewController.swift */ = {isa = PBXFileReference; lastKnownFileType = sourcecode.swift; path = TimerWorkoutViewController.swift; sourceTree = "<group>"; };
		50928270290B0169005E2C72 /* DifferenceWorkout.swift */ = {isa = PBXFileReference; lastKnownFileType = sourcecode.swift; path = DifferenceWorkout.swift; sourceTree = "<group>"; };
		509D492B28EC96B10052A8F2 /* FitnessApp.app */ = {isa = PBXFileReference; explicitFileType = wrapper.application; includeInIndex = 0; path = FitnessApp.app; sourceTree = BUILT_PRODUCTS_DIR; };
		509D492E28EC96B10052A8F2 /* AppDelegate.swift */ = {isa = PBXFileReference; lastKnownFileType = sourcecode.swift; path = AppDelegate.swift; sourceTree = "<group>"; };
		509D493028EC96B10052A8F2 /* SceneDelegate.swift */ = {isa = PBXFileReference; lastKnownFileType = sourcecode.swift; path = SceneDelegate.swift; sourceTree = "<group>"; };
		509D493228EC96B10052A8F2 /* MainViewController.swift */ = {isa = PBXFileReference; lastKnownFileType = sourcecode.swift; path = MainViewController.swift; sourceTree = "<group>"; };
		509D493728EC96B20052A8F2 /* Assets.xcassets */ = {isa = PBXFileReference; lastKnownFileType = folder.assetcatalog; path = Assets.xcassets; sourceTree = "<group>"; };
		509D493A28EC96B20052A8F2 /* Base */ = {isa = PBXFileReference; lastKnownFileType = file.storyboard; name = Base; path = Base.lproj/LaunchScreen.storyboard; sourceTree = "<group>"; };
		509D493C28EC96B20052A8F2 /* Info.plist */ = {isa = PBXFileReference; lastKnownFileType = text.plist.xml; path = Info.plist; sourceTree = "<group>"; };
		509D494728ECAA800052A8F2 /* CalendarView.swift */ = {isa = PBXFileReference; lastKnownFileType = sourcecode.swift; path = CalendarView.swift; sourceTree = "<group>"; };
		50A157C9290D235E00372244 /* RepsWorkoutParametersView.swift */ = {isa = PBXFileReference; lastKnownFileType = sourcecode.swift; path = RepsWorkoutParametersView.swift; sourceTree = "<group>"; };
		50A157CC290D519200372244 /* CustomAlert.swift */ = {isa = PBXFileReference; lastKnownFileType = sourcecode.swift; path = CustomAlert.swift; sourceTree = "<group>"; };
		50A4D0F828F73CEE00234A33 /* DateAndRepeatView.swift */ = {isa = PBXFileReference; lastKnownFileType = sourcecode.swift; path = DateAndRepeatView.swift; sourceTree = "<group>"; };
		50A4D0FA28F73D0700234A33 /* RepsOrTimerView.swift */ = {isa = PBXFileReference; lastKnownFileType = sourcecode.swift; path = RepsOrTimerView.swift; sourceTree = "<group>"; };
		50A4D0FC28F871AE00234A33 /* NameView.swift */ = {isa = PBXFileReference; lastKnownFileType = sourcecode.swift; path = NameView.swift; sourceTree = "<group>"; };
		50A4D0FF28F9357A00234A33 /* GreenSlider.swift */ = {isa = PBXFileReference; fileEncoding = 4; lastKnownFileType = sourcecode.swift; path = GreenSlider.swift; sourceTree = "<group>"; };
		50A4D10028F9357A00234A33 /* BrownTextField.swift */ = {isa = PBXFileReference; fileEncoding = 4; lastKnownFileType = sourcecode.swift; path = BrownTextField.swift; sourceTree = "<group>"; };
		50A4D10128F9357A00234A33 /* CloseButton.swift */ = {isa = PBXFileReference; fileEncoding = 4; lastKnownFileType = sourcecode.swift; path = CloseButton.swift; sourceTree = "<group>"; };
		50A4D10228F9357A00234A33 /* GreenButton.swift */ = {isa = PBXFileReference; fileEncoding = 4; lastKnownFileType = sourcecode.swift; path = GreenButton.swift; sourceTree = "<group>"; };
		50A4D10828F9532100234A33 /* SliderView.swift */ = {isa = PBXFileReference; lastKnownFileType = sourcecode.swift; path = SliderView.swift; sourceTree = "<group>"; };
		50CA64222916A4550083A398 /* ProfileViewController.swift */ = {isa = PBXFileReference; lastKnownFileType = sourcecode.swift; path = ProfileViewController.swift; sourceTree = "<group>"; };
		50CA64242916A9740083A398 /* ProfileView.swift */ = {isa = PBXFileReference; lastKnownFileType = sourcecode.swift; path = ProfileView.swift; sourceTree = "<group>"; };
		50CCA9ED2917B2EB00CA29F2 /* WorkoutsCollectionView.swift */ = {isa = PBXFileReference; lastKnownFileType = sourcecode.swift; path = WorkoutsCollectionView.swift; sourceTree = "<group>"; };
		50CCA9F02918F22B00CA29F2 /* WorkoutCollectionViewCell.swift */ = {isa = PBXFileReference; lastKnownFileType = sourcecode.swift; path = WorkoutCollectionViewCell.swift; sourceTree = "<group>"; };
		50CCA9F42919556100CA29F2 /* SettingsViewController.swift */ = {isa = PBXFileReference; lastKnownFileType = sourcecode.swift; path = SettingsViewController.swift; sourceTree = "<group>"; };
		50CCA9F7291D750200CA29F2 /* UIResponder + Extension.swift */ = {isa = PBXFileReference; lastKnownFileType = sourcecode.swift; path = "UIResponder + Extension.swift"; sourceTree = "<group>"; };
		50CCA9F9291D774500CA29F2 /* UserModel.swift */ = {isa = PBXFileReference; lastKnownFileType = sourcecode.swift; path = UserModel.swift; sourceTree = "<group>"; };
		50CCA9FC291FCA3B00CA29F2 /* ResultWorkout.swift */ = {isa = PBXFileReference; lastKnownFileType = sourcecode.swift; path = ResultWorkout.swift; sourceTree = "<group>"; };
		50E0F95A29119442007606CF /* TimerWorkoutParametersView.swift */ = {isa = PBXFileReference; lastKnownFileType = sourcecode.swift; path = TimerWorkoutParametersView.swift; sourceTree = "<group>"; };
		50EC503E28ECBB3400559577 /* WeatherView.swift */ = {isa = PBXFileReference; lastKnownFileType = sourcecode.swift; path = WeatherView.swift; sourceTree = "<group>"; };
		50EC506C28F1B8A900559577 /* Roboto-Bold.ttf */ = {isa = PBXFileReference; lastKnownFileType = file; path = "Roboto-Bold.ttf"; sourceTree = "<group>"; };
		50EC506D28F1B8A900559577 /* Roboto-Medium.ttf */ = {isa = PBXFileReference; lastKnownFileType = file; path = "Roboto-Medium.ttf"; sourceTree = "<group>"; };
		50EC507128F1BA0B00559577 /* UIView + Extensions.swift */ = {isa = PBXFileReference; lastKnownFileType = sourcecode.swift; path = "UIView + Extensions.swift"; sourceTree = "<group>"; };
		50EC507328F1D57D00559577 /* UIFont + Extensions.swift */ = {isa = PBXFileReference; fileEncoding = 4; lastKnownFileType = sourcecode.swift; path = "UIFont + Extensions.swift"; sourceTree = "<group>"; };
		50EC507528F1D5A800559577 /* UIColor + Extensions.swift */ = {isa = PBXFileReference; fileEncoding = 4; lastKnownFileType = sourcecode.swift; path = "UIColor + Extensions.swift"; sourceTree = "<group>"; };
		50EC507828F1FF2700559577 /* CalendarCollectionViewCell.swift */ = {isa = PBXFileReference; lastKnownFileType = sourcecode.swift; path = CalendarCollectionViewCell.swift; sourceTree = "<group>"; };
		50EC507A28F2B44400559577 /* MainTableView.swift */ = {isa = PBXFileReference; lastKnownFileType = sourcecode.swift; path = MainTableView.swift; sourceTree = "<group>"; };
		50EC507C28F2BD2900559577 /* WorkoutTableViewCell.swift */ = {isa = PBXFileReference; lastKnownFileType = sourcecode.swift; path = WorkoutTableViewCell.swift; sourceTree = "<group>"; };
		50EC507E28F2C06000559577 /* UIStackView + Extensions.swift */ = {isa = PBXFileReference; lastKnownFileType = sourcecode.swift; path = "UIStackView + Extensions.swift"; sourceTree = "<group>"; };
		649D705FDE2483FDBBD8832C /* Pods-FitnessApp.release.xcconfig */ = {isa = PBXFileReference; includeInIndex = 1; lastKnownFileType = text.xcconfig; name = "Pods-FitnessApp.release.xcconfig"; path = "Target Support Files/Pods-FitnessApp/Pods-FitnessApp.release.xcconfig"; sourceTree = "<group>"; };
		EEC9EDB18DF011B496AD7445 /* Pods-FitnessApp.debug.xcconfig */ = {isa = PBXFileReference; includeInIndex = 1; lastKnownFileType = text.xcconfig; name = "Pods-FitnessApp.debug.xcconfig"; path = "Target Support Files/Pods-FitnessApp/Pods-FitnessApp.debug.xcconfig"; sourceTree = "<group>"; };
/* End PBXFileReference section */

/* Begin PBXFrameworksBuildPhase section */
		509D492828EC96B10052A8F2 /* Frameworks */ = {
			isa = PBXFrameworksBuildPhase;
			buildActionMask = 2147483647;
			files = (
				25814CB9008021D993DAF83D /* Pods_FitnessApp.framework in Frameworks */,
			);
			runOnlyForDeploymentPostprocessing = 0;
		};
/* End PBXFrameworksBuildPhase section */

/* Begin PBXGroup section */
		3358FC58DDE68CFA97224B07 /* Frameworks */ = {
			isa = PBXGroup;
			children = (
				24ED9950F0904823A1BF6998 /* Pods_FitnessApp.framework */,
			);
			name = Frameworks;
			sourceTree = "<group>";
		};
		501293FA28F5F2C300A24EA0 /* NavigationModule */ = {
			isa = PBXGroup;
			children = (
				501293F628F5E3C000A24EA0 /* MainTabBarController.swift */,
			);
			path = NavigationModule;
			sourceTree = "<group>";
		};
		501293FB28F5F2D500A24EA0 /* MainModule */ = {
			isa = PBXGroup;
			children = (
				5017038928FF1D4300E7427B /* Models */,
				501293FD28F5F30100A24EA0 /* Views */,
				501293FC28F5F2F400A24EA0 /* Controller */,
			);
			path = MainModule;
			sourceTree = "<group>";
		};
		501293FC28F5F2F400A24EA0 /* Controller */ = {
			isa = PBXGroup;
			children = (
				509D493228EC96B10052A8F2 /* MainViewController.swift */,
			);
			path = Controller;
			sourceTree = "<group>";
		};
		501293FD28F5F30100A24EA0 /* Views */ = {
			isa = PBXGroup;
			children = (
				5017038028FBF03A00E7427B /* SubViews */,
				501293FE28F5F31A00A24EA0 /* Cell */,
				509D494728ECAA800052A8F2 /* CalendarView.swift */,
				50EC503E28ECBB3400559577 /* WeatherView.swift */,
				50EC507A28F2B44400559577 /* MainTableView.swift */,
			);
			path = Views;
			sourceTree = "<group>";
		};
		501293FE28F5F31A00A24EA0 /* Cell */ = {
			isa = PBXGroup;
			children = (
				50EC507828F1FF2700559577 /* CalendarCollectionViewCell.swift */,
				50EC507C28F2BD2900559577 /* WorkoutTableViewCell.swift */,
			);
			path = Cell;
			sourceTree = "<group>";
		};
		501293FF28F5F35200A24EA0 /* StatisticsModule */ = {
			isa = PBXGroup;
			children = (
				5092826F290B0147005E2C72 /* Models */,
				5012940028F5F37400A24EA0 /* Views */,
				5012940228F5F38300A24EA0 /* Controller */,
			);
			path = StatisticsModule;
			sourceTree = "<group>";
		};
		5012940028F5F37400A24EA0 /* Views */ = {
			isa = PBXGroup;
			children = (
				501293F228F2F80E00A24EA0 /* StatisticsTableView.swift */,
				5012940128F5F37E00A24EA0 /* Cell */,
			);
			path = Views;
			sourceTree = "<group>";
		};
		5012940128F5F37E00A24EA0 /* Cell */ = {
			isa = PBXGroup;
			children = (
				501293F428F33DF700A24EA0 /* StatisticsTableViewCell.swift */,
			);
			path = Cell;
			sourceTree = "<group>";
		};
		5012940228F5F38300A24EA0 /* Controller */ = {
			isa = PBXGroup;
			children = (
				501293F028F2EEEF00A24EA0 /* StatisticsViewController.swift */,
			);
			path = Controller;
			sourceTree = "<group>";
		};
		5012940328F5F3EA00A24EA0 /* NewWorkoutModule */ = {
			isa = PBXGroup;
			children = (
				5017038C28FF238500E7427B /* Model */,
				5012940528F5F43100A24EA0 /* Views */,
				5012940428F5F40000A24EA0 /* Controller */,
			);
			path = NewWorkoutModule;
			sourceTree = "<group>";
		};
		5012940428F5F40000A24EA0 /* Controller */ = {
			isa = PBXGroup;
			children = (
				501293F828F5F05300A24EA0 /* NewWorkoutViewController.swift */,
			);
			path = Controller;
			sourceTree = "<group>";
		};
		5012940528F5F43100A24EA0 /* Views */ = {
			isa = PBXGroup;
			children = (
				50A4D0FC28F871AE00234A33 /* NameView.swift */,
				50A4D0F828F73CEE00234A33 /* DateAndRepeatView.swift */,
				50A4D0FA28F73D0700234A33 /* RepsOrTimerView.swift */,
				50A4D10728F9372700234A33 /* SubViews */,
			);
			path = Views;
			sourceTree = "<group>";
		};
		5017038028FBF03A00E7427B /* SubViews */ = {
			isa = PBXGroup;
			children = (
				5017038128FBF06400E7427B /* CalendarCollectionView.swift */,
			);
			path = SubViews;
			sourceTree = "<group>";
		};
		5017038928FF1D4300E7427B /* Models */ = {
			isa = PBXGroup;
			children = (
				5017038A28FF1D5E00E7427B /* WorkoutModel.swift */,
				50CCA9F9291D774500CA29F2 /* UserModel.swift */,
			);
			path = Models;
			sourceTree = "<group>";
		};
		5017038C28FF238500E7427B /* Model */ = {
			isa = PBXGroup;
			children = (
				5017038D28FF23AB00E7427B /* SliderType.swift */,
			);
			path = Model;
			sourceTree = "<group>";
		};
		5017039128FF2B8900E7427B /* Service */ = {
			isa = PBXGroup;
			children = (
				5092825828FF2C65005E2C72 /* RealmManager.swift */,
			);
			path = Service;
			sourceTree = "<group>";
		};
		5092825A29005F92005E2C72 /* RepsWorkoutModule */ = {
			isa = PBXGroup;
			children = (
				5092825D2901C15F005E2C72 /* Views */,
				50A157CB290D30AD00372244 /* Controller */,
			);
			path = RepsWorkoutModule;
			sourceTree = "<group>";
		};
		5092825D2901C15F005E2C72 /* Views */ = {
			isa = PBXGroup;
			children = (
				50A157C9290D235E00372244 /* RepsWorkoutParametersView.swift */,
			);
			path = Views;
			sourceTree = "<group>";
		};
		5092826F290B0147005E2C72 /* Models */ = {
			isa = PBXGroup;
			children = (
				50928270290B0169005E2C72 /* DifferenceWorkout.swift */,
			);
			path = Models;
			sourceTree = "<group>";
		};
		509D492228EC96B10052A8F2 = {
			isa = PBXGroup;
			children = (
				509D492D28EC96B10052A8F2 /* FitnessApp */,
				509D492C28EC96B10052A8F2 /* Products */,
				843A5D315000398BEC1F0077 /* Pods */,
				3358FC58DDE68CFA97224B07 /* Frameworks */,
			);
			sourceTree = "<group>";
		};
		509D492C28EC96B10052A8F2 /* Products */ = {
			isa = PBXGroup;
			children = (
				509D492B28EC96B10052A8F2 /* FitnessApp.app */,
			);
			name = Products;
			sourceTree = "<group>";
		};
		509D492D28EC96B10052A8F2 /* FitnessApp */ = {
			isa = PBXGroup;
			children = (
				509D494228EC991D0052A8F2 /* Application */,
				501293FA28F5F2C300A24EA0 /* NavigationModule */,
				501293FB28F5F2D500A24EA0 /* MainModule */,
				501293FF28F5F35200A24EA0 /* StatisticsModule */,
				5012940328F5F3EA00A24EA0 /* NewWorkoutModule */,
				5092825A29005F92005E2C72 /* RepsWorkoutModule */,
				50E0F95729119087007606CF /* TimerWorkoutModule */,
				50CA641F2916A3D00083A398 /* ProfileModule */,
				50CCA9F22919553600CA29F2 /* SettingsModule */,
				509D494428EC9B430052A8F2 /* Model */,
				50EC506A28F1B86200559577 /* Extensions */,
				5017039128FF2B8900E7427B /* Service */,
				509D494328EC9A960052A8F2 /* Resources */,
			);
			path = FitnessApp;
			sourceTree = "<group>";
		};
		509D494228EC991D0052A8F2 /* Application */ = {
			isa = PBXGroup;
			children = (
				509D492E28EC96B10052A8F2 /* AppDelegate.swift */,
				509D493028EC96B10052A8F2 /* SceneDelegate.swift */,
			);
			path = Application;
			sourceTree = "<group>";
		};
		509D494328EC9A960052A8F2 /* Resources */ = {
			isa = PBXGroup;
			children = (
				50EC506B28F1B89200559577 /* Fonts */,
				509D493728EC96B20052A8F2 /* Assets.xcassets */,
				509D493928EC96B20052A8F2 /* LaunchScreen.storyboard */,
				509D493C28EC96B20052A8F2 /* Info.plist */,
			);
			path = Resources;
			sourceTree = "<group>";
		};
		509D494428EC9B430052A8F2 /* Model */ = {
			isa = PBXGroup;
			children = (
			);
			path = Model;
			sourceTree = "<group>";
		};
		50A157CB290D30AD00372244 /* Controller */ = {
			isa = PBXGroup;
			children = (
				5092825B2900600D005E2C72 /* RepsWorkoutViewController.swift */,
			);
			path = Controller;
			sourceTree = "<group>";
		};
		50A4D0FE28F879F500234A33 /* Unique */ = {
			isa = PBXGroup;
			children = (
				50A4D10028F9357A00234A33 /* BrownTextField.swift */,
				50A4D10128F9357A00234A33 /* CloseButton.swift */,
				50A4D10228F9357A00234A33 /* GreenButton.swift */,
				50A4D0FF28F9357A00234A33 /* GreenSlider.swift */,
				50A157CC290D519200372244 /* CustomAlert.swift */,
			);
			path = Unique;
			sourceTree = "<group>";
		};
		50A4D10728F9372700234A33 /* SubViews */ = {
			isa = PBXGroup;
			children = (
				50A4D10828F9532100234A33 /* SliderView.swift */,
			);
			path = SubViews;
			sourceTree = "<group>";
		};
		50CA641F2916A3D00083A398 /* ProfileModule */ = {
			isa = PBXGroup;
			children = (
				50CCA9FB291FC9D900CA29F2 /* Model */,
				50CA64202916A3FB0083A398 /* Views */,
				50CA64212916A4080083A398 /* Controllers */,
			);
			path = ProfileModule;
			sourceTree = "<group>";
		};
		50CA64202916A3FB0083A398 /* Views */ = {
			isa = PBXGroup;
			children = (
				50CA64242916A9740083A398 /* ProfileView.swift */,
				50CCA9ED2917B2EB00CA29F2 /* WorkoutsCollectionView.swift */,
				50CCA9EF2918F21300CA29F2 /* Cell */,
			);
			path = Views;
			sourceTree = "<group>";
		};
		50CA64212916A4080083A398 /* Controllers */ = {
			isa = PBXGroup;
			children = (
				50CA64222916A4550083A398 /* ProfileViewController.swift */,
			);
			path = Controllers;
			sourceTree = "<group>";
		};
		50CCA9EF2918F21300CA29F2 /* Cell */ = {
			isa = PBXGroup;
			children = (
				50CCA9F02918F22B00CA29F2 /* WorkoutCollectionViewCell.swift */,
			);
			path = Cell;
			sourceTree = "<group>";
		};
		50CCA9F22919553600CA29F2 /* SettingsModule */ = {
			isa = PBXGroup;
			children = (
				50CCA9F32919555100CA29F2 /* Controllers */,
			);
			path = SettingsModule;
			sourceTree = "<group>";
		};
		50CCA9F32919555100CA29F2 /* Controllers */ = {
			isa = PBXGroup;
			children = (
				50CCA9F42919556100CA29F2 /* SettingsViewController.swift */,
			);
			path = Controllers;
			sourceTree = "<group>";
		};
		50CCA9FB291FC9D900CA29F2 /* Model */ = {
			isa = PBXGroup;
			children = (
				50CCA9FC291FCA3B00CA29F2 /* ResultWorkout.swift */,
			);
			path = Model;
			sourceTree = "<group>";
		};
		50E0F95729119087007606CF /* TimerWorkoutModule */ = {
			isa = PBXGroup;
			children = (
				50E0F959291191C8007606CF /* Views */,
				50E0F958291190B9007606CF /* Controller */,
			);
			path = TimerWorkoutModule;
			sourceTree = "<group>";
		};
		50E0F958291190B9007606CF /* Controller */ = {
			isa = PBXGroup;
			children = (
				5092826B29058FC7005E2C72 /* TimerWorkoutViewController.swift */,
			);
			path = Controller;
			sourceTree = "<group>";
		};
		50E0F959291191C8007606CF /* Views */ = {
			isa = PBXGroup;
			children = (
				50E0F95A29119442007606CF /* TimerWorkoutParametersView.swift */,
			);
			path = Views;
			sourceTree = "<group>";
		};
		50EC506A28F1B86200559577 /* Extensions */ = {
			isa = PBXGroup;
			children = (
				5017038728FDD7C100E7427B /* Int + Extensions.swift */,
				50A4D0FE28F879F500234A33 /* Unique */,
				50EC507028F1B9D800559577 /* UIkit */,
			);
			path = Extensions;
			sourceTree = "<group>";
		};
		50EC506B28F1B89200559577 /* Fonts */ = {
			isa = PBXGroup;
			children = (
				50EC506C28F1B8A900559577 /* Roboto-Bold.ttf */,
				50EC506D28F1B8A900559577 /* Roboto-Medium.ttf */,
			);
			path = Fonts;
			sourceTree = "<group>";
		};
		50EC507028F1B9D800559577 /* UIkit */ = {
			isa = PBXGroup;
			children = (
				50EC507128F1BA0B00559577 /* UIView + Extensions.swift */,
				50EC507328F1D57D00559577 /* UIFont + Extensions.swift */,
				50EC507528F1D5A800559577 /* UIColor + Extensions.swift */,
				50EC507E28F2C06000559577 /* UIStackView + Extensions.swift */,
				5012940628F5F7A800A24EA0 /* UILabel + Extensions.swift */,
				5017038F28FF296E00E7427B /* Date.swift */,
				509282632903E552005E2C72 /* UIViewController + Extension.swift */,
				50CCA9F7291D750200CA29F2 /* UIResponder + Extension.swift */,
			);
			path = UIkit;
			sourceTree = "<group>";
		};
		843A5D315000398BEC1F0077 /* Pods */ = {
			isa = PBXGroup;
			children = (
				EEC9EDB18DF011B496AD7445 /* Pods-FitnessApp.debug.xcconfig */,
				649D705FDE2483FDBBD8832C /* Pods-FitnessApp.release.xcconfig */,
			);
			path = Pods;
			sourceTree = "<group>";
		};
/* End PBXGroup section */

/* Begin PBXNativeTarget section */
		509D492A28EC96B10052A8F2 /* FitnessApp */ = {
			isa = PBXNativeTarget;
			buildConfigurationList = 509D493F28EC96B20052A8F2 /* Build configuration list for PBXNativeTarget "FitnessApp" */;
			buildPhases = (
				5626DEFB6993C0E5B698BDA1 /* [CP] Check Pods Manifest.lock */,
				509D492728EC96B10052A8F2 /* Sources */,
				509D492828EC96B10052A8F2 /* Frameworks */,
				509D492928EC96B10052A8F2 /* Resources */,
				147CBC3ABCC0E79E7433A889 /* [CP] Embed Pods Frameworks */,
			);
			buildRules = (
			);
			dependencies = (
			);
			name = FitnessApp;
			productName = FitnessApp;
			productReference = 509D492B28EC96B10052A8F2 /* FitnessApp.app */;
			productType = "com.apple.product-type.application";
		};
/* End PBXNativeTarget section */

/* Begin PBXProject section */
		509D492328EC96B10052A8F2 /* Project object */ = {
			isa = PBXProject;
			attributes = {
				BuildIndependentTargetsInParallel = 1;
				LastSwiftUpdateCheck = 1400;
				LastUpgradeCheck = 1400;
				TargetAttributes = {
					509D492A28EC96B10052A8F2 = {
						CreatedOnToolsVersion = 14.0.1;
					};
				};
			};
			buildConfigurationList = 509D492628EC96B10052A8F2 /* Build configuration list for PBXProject "FitnessApp" */;
			compatibilityVersion = "Xcode 13.0";
			developmentRegion = en;
			hasScannedForEncodings = 0;
			knownRegions = (
				en,
				Base,
			);
			mainGroup = 509D492228EC96B10052A8F2;
			productRefGroup = 509D492C28EC96B10052A8F2 /* Products */;
			projectDirPath = "";
			projectRoot = "";
			targets = (
				509D492A28EC96B10052A8F2 /* FitnessApp */,
			);
		};
/* End PBXProject section */

/* Begin PBXResourcesBuildPhase section */
		509D492928EC96B10052A8F2 /* Resources */ = {
			isa = PBXResourcesBuildPhase;
			buildActionMask = 2147483647;
			files = (
				50EC506F28F1B8A900559577 /* Roboto-Medium.ttf in Resources */,
				509D493B28EC96B20052A8F2 /* LaunchScreen.storyboard in Resources */,
				509D493828EC96B20052A8F2 /* Assets.xcassets in Resources */,
				50EC506E28F1B8A900559577 /* Roboto-Bold.ttf in Resources */,
			);
			runOnlyForDeploymentPostprocessing = 0;
		};
/* End PBXResourcesBuildPhase section */

/* Begin PBXShellScriptBuildPhase section */
		147CBC3ABCC0E79E7433A889 /* [CP] Embed Pods Frameworks */ = {
			isa = PBXShellScriptBuildPhase;
			buildActionMask = 2147483647;
			files = (
			);
			inputFileListPaths = (
				"${PODS_ROOT}/Target Support Files/Pods-FitnessApp/Pods-FitnessApp-frameworks-${CONFIGURATION}-input-files.xcfilelist",
			);
			name = "[CP] Embed Pods Frameworks";
			outputFileListPaths = (
				"${PODS_ROOT}/Target Support Files/Pods-FitnessApp/Pods-FitnessApp-frameworks-${CONFIGURATION}-output-files.xcfilelist",
			);
			runOnlyForDeploymentPostprocessing = 0;
			shellPath = /bin/sh;
			shellScript = "\"${PODS_ROOT}/Target Support Files/Pods-FitnessApp/Pods-FitnessApp-frameworks.sh\"\n";
			showEnvVarsInLog = 0;
		};
		5626DEFB6993C0E5B698BDA1 /* [CP] Check Pods Manifest.lock */ = {
			isa = PBXShellScriptBuildPhase;
			buildActionMask = 2147483647;
			files = (
			);
			inputFileListPaths = (
			);
			inputPaths = (
				"${PODS_PODFILE_DIR_PATH}/Podfile.lock",
				"${PODS_ROOT}/Manifest.lock",
			);
			name = "[CP] Check Pods Manifest.lock";
			outputFileListPaths = (
			);
			outputPaths = (
				"$(DERIVED_FILE_DIR)/Pods-FitnessApp-checkManifestLockResult.txt",
			);
			runOnlyForDeploymentPostprocessing = 0;
			shellPath = /bin/sh;
			shellScript = "diff \"${PODS_PODFILE_DIR_PATH}/Podfile.lock\" \"${PODS_ROOT}/Manifest.lock\" > /dev/null\nif [ $? != 0 ] ; then\n    # print error to STDERR\n    echo \"error: The sandbox is not in sync with the Podfile.lock. Run 'pod install' or update your CocoaPods installation.\" >&2\n    exit 1\nfi\n# This output is used by Xcode 'outputs' to avoid re-running this script phase.\necho \"SUCCESS\" > \"${SCRIPT_OUTPUT_FILE_0}\"\n";
			showEnvVarsInLog = 0;
		};
/* End PBXShellScriptBuildPhase section */

/* Begin PBXSourcesBuildPhase section */
		509D492728EC96B10052A8F2 /* Sources */ = {
			isa = PBXSourcesBuildPhase;
			buildActionMask = 2147483647;
			files = (
				50A4D10428F9357A00234A33 /* BrownTextField.swift in Sources */,
				50A4D10928F9532100234A33 /* SliderView.swift in Sources */,
				5017038E28FF23AB00E7427B /* SliderType.swift in Sources */,
				50EC503F28ECBB3400559577 /* WeatherView.swift in Sources */,
				50EC507428F1D57D00559577 /* UIFont + Extensions.swift in Sources */,
				5092825C2900600D005E2C72 /* RepsWorkoutViewController.swift in Sources */,
				501293F328F2F80E00A24EA0 /* StatisticsTableView.swift in Sources */,
				509D493328EC96B10052A8F2 /* MainViewController.swift in Sources */,
				50CCA9FA291D774500CA29F2 /* UserModel.swift in Sources */,
				5092826C29058FC7005E2C72 /* TimerWorkoutViewController.swift in Sources */,
				509D492F28EC96B10052A8F2 /* AppDelegate.swift in Sources */,
				509282642903E552005E2C72 /* UIViewController + Extension.swift in Sources */,
				50A4D10528F9357A00234A33 /* CloseButton.swift in Sources */,
				50EC507D28F2BD2900559577 /* WorkoutTableViewCell.swift in Sources */,
				50CA64252916A9740083A398 /* ProfileView.swift in Sources */,
				50EC507B28F2B44400559577 /* MainTableView.swift in Sources */,
				5092825928FF2C65005E2C72 /* RealmManager.swift in Sources */,
				509D494828ECAA800052A8F2 /* CalendarView.swift in Sources */,
				50CCA9F8291D750200CA29F2 /* UIResponder + Extension.swift in Sources */,
				50EC507F28F2C06000559577 /* UIStackView + Extensions.swift in Sources */,
				501293F128F2EEEF00A24EA0 /* StatisticsViewController.swift in Sources */,
				50A4D10328F9357A00234A33 /* GreenSlider.swift in Sources */,
				50A4D0FD28F871AE00234A33 /* NameView.swift in Sources */,
				50CCA9F52919556100CA29F2 /* SettingsViewController.swift in Sources */,
				501293F928F5F05300A24EA0 /* NewWorkoutViewController.swift in Sources */,
				50A157CA290D235E00372244 /* RepsWorkoutParametersView.swift in Sources */,
				50CA64232916A4550083A398 /* ProfileViewController.swift in Sources */,
				5017038B28FF1D5E00E7427B /* WorkoutModel.swift in Sources */,
				50A4D0FB28F73D0700234A33 /* RepsOrTimerView.swift in Sources */,
				501293F728F5E3C000A24EA0 /* MainTabBarController.swift in Sources */,
				50A157CD290D519200372244 /* CustomAlert.swift in Sources */,
				50EC507628F1D5A800559577 /* UIColor + Extensions.swift in Sources */,
				501293F528F33DF800A24EA0 /* StatisticsTableViewCell.swift in Sources */,
				5012940728F5F7A800A24EA0 /* UILabel + Extensions.swift in Sources */,
				50E0F95B29119442007606CF /* TimerWorkoutParametersView.swift in Sources */,
				50EC507228F1BA0B00559577 /* UIView + Extensions.swift in Sources */,
				5017038228FBF06400E7427B /* CalendarCollectionView.swift in Sources */,
				509D493128EC96B10052A8F2 /* SceneDelegate.swift in Sources */,
				50CCA9F12918F22B00CA29F2 /* WorkoutCollectionViewCell.swift in Sources */,
				50928271290B0169005E2C72 /* DifferenceWorkout.swift in Sources */,
				50A4D10628F9357A00234A33 /* GreenButton.swift in Sources */,
				50CCA9FD291FCA3B00CA29F2 /* ResultWorkout.swift in Sources */,
				5017039028FF296E00E7427B /* Date.swift in Sources */,
				50A4D0F928F73CEE00234A33 /* DateAndRepeatView.swift in Sources */,
				50CCA9EE2917B2EB00CA29F2 /* WorkoutsCollectionView.swift in Sources */,
				50EC507928F1FF2700559577 /* CalendarCollectionViewCell.swift in Sources */,
				5017038828FDD7C100E7427B /* Int + Extensions.swift in Sources */,
			);
			runOnlyForDeploymentPostprocessing = 0;
		};
/* End PBXSourcesBuildPhase section */

/* Begin PBXVariantGroup section */
		509D493928EC96B20052A8F2 /* LaunchScreen.storyboard */ = {
			isa = PBXVariantGroup;
			children = (
				509D493A28EC96B20052A8F2 /* Base */,
			);
			name = LaunchScreen.storyboard;
			sourceTree = "<group>";
		};
/* End PBXVariantGroup section */

/* Begin XCBuildConfiguration section */
		509D493D28EC96B20052A8F2 /* Debug */ = {
			isa = XCBuildConfiguration;
			buildSettings = {
				ALWAYS_SEARCH_USER_PATHS = NO;
				CLANG_ANALYZER_NONNULL = YES;
				CLANG_ANALYZER_NUMBER_OBJECT_CONVERSION = YES_AGGRESSIVE;
				CLANG_CXX_LANGUAGE_STANDARD = "gnu++20";
				CLANG_ENABLE_MODULES = YES;
				CLANG_ENABLE_OBJC_ARC = YES;
				CLANG_ENABLE_OBJC_WEAK = YES;
				CLANG_WARN_BLOCK_CAPTURE_AUTORELEASING = YES;
				CLANG_WARN_BOOL_CONVERSION = YES;
				CLANG_WARN_COMMA = YES;
				CLANG_WARN_CONSTANT_CONVERSION = YES;
				CLANG_WARN_DEPRECATED_OBJC_IMPLEMENTATIONS = YES;
				CLANG_WARN_DIRECT_OBJC_ISA_USAGE = YES_ERROR;
				CLANG_WARN_DOCUMENTATION_COMMENTS = YES;
				CLANG_WARN_EMPTY_BODY = YES;
				CLANG_WARN_ENUM_CONVERSION = YES;
				CLANG_WARN_INFINITE_RECURSION = YES;
				CLANG_WARN_INT_CONVERSION = YES;
				CLANG_WARN_NON_LITERAL_NULL_CONVERSION = YES;
				CLANG_WARN_OBJC_IMPLICIT_RETAIN_SELF = YES;
				CLANG_WARN_OBJC_LITERAL_CONVERSION = YES;
				CLANG_WARN_OBJC_ROOT_CLASS = YES_ERROR;
				CLANG_WARN_QUOTED_INCLUDE_IN_FRAMEWORK_HEADER = YES;
				CLANG_WARN_RANGE_LOOP_ANALYSIS = YES;
				CLANG_WARN_STRICT_PROTOTYPES = YES;
				CLANG_WARN_SUSPICIOUS_MOVE = YES;
				CLANG_WARN_UNGUARDED_AVAILABILITY = YES_AGGRESSIVE;
				CLANG_WARN_UNREACHABLE_CODE = YES;
				CLANG_WARN__DUPLICATE_METHOD_MATCH = YES;
				COPY_PHASE_STRIP = NO;
				DEBUG_INFORMATION_FORMAT = dwarf;
				ENABLE_STRICT_OBJC_MSGSEND = YES;
				ENABLE_TESTABILITY = YES;
				GCC_C_LANGUAGE_STANDARD = gnu11;
				GCC_DYNAMIC_NO_PIC = NO;
				GCC_NO_COMMON_BLOCKS = YES;
				GCC_OPTIMIZATION_LEVEL = 0;
				GCC_PREPROCESSOR_DEFINITIONS = (
					"DEBUG=1",
					"$(inherited)",
				);
				GCC_WARN_64_TO_32_BIT_CONVERSION = YES;
				GCC_WARN_ABOUT_RETURN_TYPE = YES_ERROR;
				GCC_WARN_UNDECLARED_SELECTOR = YES;
				GCC_WARN_UNINITIALIZED_AUTOS = YES_AGGRESSIVE;
				GCC_WARN_UNUSED_FUNCTION = YES;
				GCC_WARN_UNUSED_VARIABLE = YES;
				IPHONEOS_DEPLOYMENT_TARGET = 13.0;
				MTL_ENABLE_DEBUG_INFO = INCLUDE_SOURCE;
				MTL_FAST_MATH = YES;
				ONLY_ACTIVE_ARCH = YES;
				SDKROOT = iphoneos;
				SWIFT_ACTIVE_COMPILATION_CONDITIONS = DEBUG;
				SWIFT_OPTIMIZATION_LEVEL = "-Onone";
			};
			name = Debug;
		};
		509D493E28EC96B20052A8F2 /* Release */ = {
			isa = XCBuildConfiguration;
			buildSettings = {
				ALWAYS_SEARCH_USER_PATHS = NO;
				CLANG_ANALYZER_NONNULL = YES;
				CLANG_ANALYZER_NUMBER_OBJECT_CONVERSION = YES_AGGRESSIVE;
				CLANG_CXX_LANGUAGE_STANDARD = "gnu++20";
				CLANG_ENABLE_MODULES = YES;
				CLANG_ENABLE_OBJC_ARC = YES;
				CLANG_ENABLE_OBJC_WEAK = YES;
				CLANG_WARN_BLOCK_CAPTURE_AUTORELEASING = YES;
				CLANG_WARN_BOOL_CONVERSION = YES;
				CLANG_WARN_COMMA = YES;
				CLANG_WARN_CONSTANT_CONVERSION = YES;
				CLANG_WARN_DEPRECATED_OBJC_IMPLEMENTATIONS = YES;
				CLANG_WARN_DIRECT_OBJC_ISA_USAGE = YES_ERROR;
				CLANG_WARN_DOCUMENTATION_COMMENTS = YES;
				CLANG_WARN_EMPTY_BODY = YES;
				CLANG_WARN_ENUM_CONVERSION = YES;
				CLANG_WARN_INFINITE_RECURSION = YES;
				CLANG_WARN_INT_CONVERSION = YES;
				CLANG_WARN_NON_LITERAL_NULL_CONVERSION = YES;
				CLANG_WARN_OBJC_IMPLICIT_RETAIN_SELF = YES;
				CLANG_WARN_OBJC_LITERAL_CONVERSION = YES;
				CLANG_WARN_OBJC_ROOT_CLASS = YES_ERROR;
				CLANG_WARN_QUOTED_INCLUDE_IN_FRAMEWORK_HEADER = YES;
				CLANG_WARN_RANGE_LOOP_ANALYSIS = YES;
				CLANG_WARN_STRICT_PROTOTYPES = YES;
				CLANG_WARN_SUSPICIOUS_MOVE = YES;
				CLANG_WARN_UNGUARDED_AVAILABILITY = YES_AGGRESSIVE;
				CLANG_WARN_UNREACHABLE_CODE = YES;
				CLANG_WARN__DUPLICATE_METHOD_MATCH = YES;
				COPY_PHASE_STRIP = NO;
				DEBUG_INFORMATION_FORMAT = "dwarf-with-dsym";
				ENABLE_NS_ASSERTIONS = NO;
				ENABLE_STRICT_OBJC_MSGSEND = YES;
				GCC_C_LANGUAGE_STANDARD = gnu11;
				GCC_NO_COMMON_BLOCKS = YES;
				GCC_WARN_64_TO_32_BIT_CONVERSION = YES;
				GCC_WARN_ABOUT_RETURN_TYPE = YES_ERROR;
				GCC_WARN_UNDECLARED_SELECTOR = YES;
				GCC_WARN_UNINITIALIZED_AUTOS = YES_AGGRESSIVE;
				GCC_WARN_UNUSED_FUNCTION = YES;
				GCC_WARN_UNUSED_VARIABLE = YES;
				IPHONEOS_DEPLOYMENT_TARGET = 13.0;
				MTL_ENABLE_DEBUG_INFO = NO;
				MTL_FAST_MATH = YES;
				SDKROOT = iphoneos;
				SWIFT_COMPILATION_MODE = wholemodule;
				SWIFT_OPTIMIZATION_LEVEL = "-O";
				VALIDATE_PRODUCT = YES;
			};
			name = Release;
		};
		509D494028EC96B20052A8F2 /* Debug */ = {
			isa = XCBuildConfiguration;
			baseConfigurationReference = EEC9EDB18DF011B496AD7445 /* Pods-FitnessApp.debug.xcconfig */;
			buildSettings = {
				ASSETCATALOG_COMPILER_APPICON_NAME = AppIcon;
				ASSETCATALOG_COMPILER_GLOBAL_ACCENT_COLOR_NAME = AccentColor;
				CODE_SIGN_STYLE = Automatic;
				CURRENT_PROJECT_VERSION = 1;
				DEVELOPMENT_TEAM = 8TS7WLVSBU;
				GENERATE_INFOPLIST_FILE = YES;
				INFOPLIST_FILE = FitnessApp/Resources/Info.plist;
				INFOPLIST_KEY_CFBundleDisplayName = FitOK;
				INFOPLIST_KEY_LSApplicationCategoryType = "public.app-category.healthcare-fitness";
				INFOPLIST_KEY_UIApplicationSupportsIndirectInputEvents = YES;
				INFOPLIST_KEY_UILaunchStoryboardName = LaunchScreen;
				INFOPLIST_KEY_UISupportedInterfaceOrientations = UIInterfaceOrientationPortrait;
				INFOPLIST_KEY_UISupportedInterfaceOrientations_iPad = "UIInterfaceOrientationLandscapeLeft UIInterfaceOrientationLandscapeRight UIInterfaceOrientationPortrait UIInterfaceOrientationPortraitUpsideDown";
				IPHONEOS_DEPLOYMENT_TARGET = 13.0;
				LD_RUNPATH_SEARCH_PATHS = (
					"$(inherited)",
					"@executable_path/Frameworks",
				);
				MARKETING_VERSION = 1.0;
				PRODUCT_BUNDLE_IDENTIFIER = "Sergei-Smirnov.FitnessApp";
				PRODUCT_NAME = "$(TARGET_NAME)";
				SUPPORTED_PLATFORMS = "iphoneos iphonesimulator";
				SUPPORTS_MACCATALYST = NO;
				SUPPORTS_MAC_DESIGNED_FOR_IPHONE_IPAD = NO;
				SWIFT_EMIT_LOC_STRINGS = YES;
				SWIFT_VERSION = 5.0;
				TARGETED_DEVICE_FAMILY = 1;
			};
			name = Debug;
		};
		509D494128EC96B20052A8F2 /* Release */ = {
			isa = XCBuildConfiguration;
			baseConfigurationReference = 649D705FDE2483FDBBD8832C /* Pods-FitnessApp.release.xcconfig */;
			buildSettings = {
				ASSETCATALOG_COMPILER_APPICON_NAME = AppIcon;
				ASSETCATALOG_COMPILER_GLOBAL_ACCENT_COLOR_NAME = AccentColor;
				CODE_SIGN_STYLE = Automatic;
				CURRENT_PROJECT_VERSION = 1;
				DEVELOPMENT_TEAM = 8TS7WLVSBU;
				GENERATE_INFOPLIST_FILE = YES;
				INFOPLIST_FILE = FitnessApp/Resources/Info.plist;
				INFOPLIST_KEY_CFBundleDisplayName = FitOK;
				INFOPLIST_KEY_LSApplicationCategoryType = "public.app-category.healthcare-fitness";
				INFOPLIST_KEY_UIApplicationSupportsIndirectInputEvents = YES;
				INFOPLIST_KEY_UILaunchStoryboardName = LaunchScreen;
				INFOPLIST_KEY_UISupportedInterfaceOrientations = UIInterfaceOrientationPortrait;
				INFOPLIST_KEY_UISupportedInterfaceOrientations_iPad = "UIInterfaceOrientationLandscapeLeft UIInterfaceOrientationLandscapeRight UIInterfaceOrientationPortrait UIInterfaceOrientationPortraitUpsideDown";
				IPHONEOS_DEPLOYMENT_TARGET = 13.0;
				LD_RUNPATH_SEARCH_PATHS = (
					"$(inherited)",
					"@executable_path/Frameworks",
				);
				MARKETING_VERSION = 1.0;
				PRODUCT_BUNDLE_IDENTIFIER = "Sergei-Smirnov.FitnessApp";
				PRODUCT_NAME = "$(TARGET_NAME)";
				SUPPORTED_PLATFORMS = "iphoneos iphonesimulator";
				SUPPORTS_MACCATALYST = NO;
				SUPPORTS_MAC_DESIGNED_FOR_IPHONE_IPAD = NO;
				SWIFT_EMIT_LOC_STRINGS = YES;
				SWIFT_VERSION = 5.0;
				TARGETED_DEVICE_FAMILY = 1;
			};
			name = Release;
		};
/* End XCBuildConfiguration section */

/* Begin XCConfigurationList section */
		509D492628EC96B10052A8F2 /* Build configuration list for PBXProject "FitnessApp" */ = {
			isa = XCConfigurationList;
			buildConfigurations = (
				509D493D28EC96B20052A8F2 /* Debug */,
				509D493E28EC96B20052A8F2 /* Release */,
			);
			defaultConfigurationIsVisible = 0;
			defaultConfigurationName = Release;
		};
		509D493F28EC96B20052A8F2 /* Build configuration list for PBXNativeTarget "FitnessApp" */ = {
			isa = XCConfigurationList;
			buildConfigurations = (
				509D494028EC96B20052A8F2 /* Debug */,
				509D494128EC96B20052A8F2 /* Release */,
			);
			defaultConfigurationIsVisible = 0;
			defaultConfigurationName = Release;
		};
/* End XCConfigurationList section */
	};
	rootObject = 509D492328EC96B10052A8F2 /* Project object */;
}
